
Microsoft Visual Studio Solution File, Format Version 12.00
# Visual Studio Version 17
VisualStudioVersion = 17.0.31710.8
MinimumVisualStudioVersion = 10.0.40219.1
Project("{FAE04EC0-301F-11D3-BF4B-00C04F79EFBC}") = "CreateAuthorize", "CreateAuthorize\CreateAuthorize.csproj", "{A8E6FE8B-53FF-44A7-A042-6908DE9E72B4}"
EndProject
Global
	GlobalSection(SolutionConfigurationPlatforms) = preSolution
		Debug|Any CPU = Debug|Any CPU
		Release|Any CPU = Release|Any CPU
	EndGlobalSection
	GlobalSection(ProjectConfigurationPlatforms) = postSolution
		{A8E6FE8B-53FF-44A7-A042-6908DE9E72B4}.Debug|Any CPU.ActiveCfg = Debug|Any CPU
		{A8E6FE8B-53FF-44A7-A042-6908DE9E72B4}.Debug|Any CPU.Build.0 = Debug|Any CPU
		{A8E6FE8B-53FF-44A7-A042-6908DE9E72B4}.Release|Any CPU.ActiveCfg = Release|Any CPU
		{A8E6FE8B-53FF-44A7-A042-6908DE9E72B4}.Release|Any CPU.Build.0 = Release|Any CPU
	EndGlobalSection
	GlobalSection(SolutionProperties) = preSolution
		HideSolutionNode = FALSE
	EndGlobalSection
	GlobalSection(ExtensibilityGlobals) = postSolution
		SolutionGuid = {0685EF3E-B87A-4559-9108-FD80D20D50FA}
	EndGlobalSection
EndGlobal
